
Microsoft Visual Studio Solution File, Format Version 12.00
# Visual Studio 14
VisualStudioVersion = 14.0.25420.1
MinimumVisualStudioVersion = 10.0.40219.1
Project("{8BC9CEB8-8B4A-11D0-8D11-00A0C91BC942}") = "Poco", "Poco\Poco.vcxproj", "{CD7CA40C-74B4-433D-BD3C-6BCEF50D424C}"
EndProject
Project("{8BC9CEB8-8B4A-11D0-8D11-00A0C91BC942}") = "Ch2-Read-ini", "Ch2-Read-ini\Ch2-Read-ini.vcxproj", "{BC3704FE-5E80-4502-AA74-4009B2F78DEC}"
EndProject
Project("{8BC9CEB8-8B4A-11D0-8D11-00A0C91BC942}") = "Sample-Dns", "Sample-Dns\Sample-Dns.vcxproj", "{3EF3B6E9-CC06-4846-B360-0371F563BF9A}"
EndProject
Project("{8BC9CEB8-8B4A-11D0-8D11-00A0C91BC942}") = "Ch3-IPAddresses", "Chp3-IPAddresses\Chp3-IPAddresses.vcxproj", "{8DDC16DD-8513-4BBC-A774-B8B78A44F718}"
EndProject
Project("{8BC9CEB8-8B4A-11D0-8D11-00A0C91BC942}") = "CH3-SocketAddress", "CH3-SocketAddress\CH3-SocketAddress.vcxproj", "{B7726685-153A-461F-AD39-EDF375719B6F}"
EndProject
Global
	GlobalSection(SolutionConfigurationPlatforms) = preSolution
		Debug|x64 = Debug|x64
		Debug|x86 = Debug|x86
		Release|x64 = Release|x64
		Release|x86 = Release|x86
	EndGlobalSection
	GlobalSection(ProjectConfigurationPlatforms) = postSolution
		{CD7CA40C-74B4-433D-BD3C-6BCEF50D424C}.Debug|x64.ActiveCfg = Debug|x64
		{CD7CA40C-74B4-433D-BD3C-6BCEF50D424C}.Debug|x64.Build.0 = Debug|x64
		{CD7CA40C-74B4-433D-BD3C-6BCEF50D424C}.Debug|x86.ActiveCfg = Debug|Win32
		{CD7CA40C-74B4-433D-BD3C-6BCEF50D424C}.Debug|x86.Build.0 = Debug|Win32
		{CD7CA40C-74B4-433D-BD3C-6BCEF50D424C}.Release|x64.ActiveCfg = Release|x64
		{CD7CA40C-74B4-433D-BD3C-6BCEF50D424C}.Release|x64.Build.0 = Release|x64
		{CD7CA40C-74B4-433D-BD3C-6BCEF50D424C}.Release|x86.ActiveCfg = Release|Win32
		{CD7CA40C-74B4-433D-BD3C-6BCEF50D424C}.Release|x86.Build.0 = Release|Win32
		{BC3704FE-5E80-4502-AA74-4009B2F78DEC}.Debug|x64.ActiveCfg = Debug|x64
		{BC3704FE-5E80-4502-AA74-4009B2F78DEC}.Debug|x64.Build.0 = Debug|x64
		{BC3704FE-5E80-4502-AA74-4009B2F78DEC}.Debug|x86.ActiveCfg = Debug|Win32
		{BC3704FE-5E80-4502-AA74-4009B2F78DEC}.Debug|x86.Build.0 = Debug|Win32
		{BC3704FE-5E80-4502-AA74-4009B2F78DEC}.Release|x64.ActiveCfg = Release|x64
		{BC3704FE-5E80-4502-AA74-4009B2F78DEC}.Release|x64.Build.0 = Release|x64
		{BC3704FE-5E80-4502-AA74-4009B2F78DEC}.Release|x86.ActiveCfg = Release|Win32
		{BC3704FE-5E80-4502-AA74-4009B2F78DEC}.Release|x86.Build.0 = Release|Win32
		{3EF3B6E9-CC06-4846-B360-0371F563BF9A}.Debug|x64.ActiveCfg = Debug|x64
		{3EF3B6E9-CC06-4846-B360-0371F563BF9A}.Debug|x64.Build.0 = Debug|x64
		{3EF3B6E9-CC06-4846-B360-0371F563BF9A}.Debug|x86.ActiveCfg = Debug|Win32
		{3EF3B6E9-CC06-4846-B360-0371F563BF9A}.Debug|x86.Build.0 = Debug|Win32
		{3EF3B6E9-CC06-4846-B360-0371F563BF9A}.Release|x64.ActiveCfg = Release|x64
		{3EF3B6E9-CC06-4846-B360-0371F563BF9A}.Release|x64.Build.0 = Release|x64
		{3EF3B6E9-CC06-4846-B360-0371F563BF9A}.Release|x86.ActiveCfg = Release|Win32
		{3EF3B6E9-CC06-4846-B360-0371F563BF9A}.Release|x86.Build.0 = Release|Win32
		{8DDC16DD-8513-4BBC-A774-B8B78A44F718}.Debug|x64.ActiveCfg = Debug|x64
		{8DDC16DD-8513-4BBC-A774-B8B78A44F718}.Debug|x64.Build.0 = Debug|x64
		{8DDC16DD-8513-4BBC-A774-B8B78A44F718}.Debug|x86.ActiveCfg = Debug|Win32
		{8DDC16DD-8513-4BBC-A774-B8B78A44F718}.Debug|x86.Build.0 = Debug|Win32
		{8DDC16DD-8513-4BBC-A774-B8B78A44F718}.Release|x64.ActiveCfg = Release|x64
		{8DDC16DD-8513-4BBC-A774-B8B78A44F718}.Release|x64.Build.0 = Release|x64
		{8DDC16DD-8513-4BBC-A774-B8B78A44F718}.Release|x86.ActiveCfg = Release|Win32
		{8DDC16DD-8513-4BBC-A774-B8B78A44F718}.Release|x86.Build.0 = Release|Win32
		{B7726685-153A-461F-AD39-EDF375719B6F}.Debug|x64.ActiveCfg = Debug|x64
		{B7726685-153A-461F-AD39-EDF375719B6F}.Debug|x64.Build.0 = Debug|x64
		{B7726685-153A-461F-AD39-EDF375719B6F}.Debug|x86.ActiveCfg = Debug|Win32
		{B7726685-153A-461F-AD39-EDF375719B6F}.Debug|x86.Build.0 = Debug|Win32
		{B7726685-153A-461F-AD39-EDF375719B6F}.Release|x64.ActiveCfg = Release|x64
		{B7726685-153A-461F-AD39-EDF375719B6F}.Release|x64.Build.0 = Release|x64
		{B7726685-153A-461F-AD39-EDF375719B6F}.Release|x86.ActiveCfg = Release|Win32
		{B7726685-153A-461F-AD39-EDF375719B6F}.Release|x86.Build.0 = Release|Win32
	EndGlobalSection
	GlobalSection(SolutionProperties) = preSolution
		HideSolutionNode = FALSE
	EndGlobalSection
EndGlobal
